
Microsoft Visual Studio Solution File, Format Version 12.00
# Visual Studio Version 17
VisualStudioVersion = 17.14.36511.14 d17.14
MinimumVisualStudioVersion = 10.0.40219.1
Project("{FAE04EC0-301F-11D3-BF4B-00C04F79EFBC}") = "GestaoEmCampo", "GestaoEmCampo.csproj", "{C4B20870-A8B8-A51B-88B0-6B8BE4790FE1}"
EndProject
Global
	GlobalSection(SolutionConfigurationPlatforms) = preSolution
		Debug|Any CPU = Debug|Any CPU
		Release|Any CPU = Release|Any CPU
	EndGlobalSection
	GlobalSection(ProjectConfigurationPlatforms) = postSolution
		{C4B20870-A8B8-A51B-88B0-6B8BE4790FE1}.Debug|Any CPU.ActiveCfg = Debug|Any CPU
		{C4B20870-A8B8-A51B-88B0-6B8BE4790FE1}.Debug|Any CPU.Build.0 = Debug|Any CPU
		{C4B20870-A8B8-A51B-88B0-6B8BE4790FE1}.Release|Any CPU.ActiveCfg = Release|Any CPU
		{C4B20870-A8B8-A51B-88B0-6B8BE4790FE1}.Release|Any CPU.Build.0 = Release|Any CPU
	EndGlobalSection
	GlobalSection(SolutionProperties) = preSolution
		HideSolutionNode = FALSE
	EndGlobalSection
	GlobalSection(ExtensibilityGlobals) = postSolution
		SolutionGuid = {C4F04848-33CE-4694-A74A-DCFF58D38ABD}
	EndGlobalSection
EndGlobal
